{
  "originHash" : "cb4b48a7e95648ae0dfdda10eeca6e4ff2ac41b284f67597275eb06dc8b58f73",
  "pins" : [
    {
      "identity" : "groceryappshareddto",
      "kind" : "remoteSourceControl",
      "location" : "https://github.com/tyfnnn/GroceryAppSharedDTO.git",
      "state" : {
        "branch" : "main",
        "revision" : "da803df7e6de49b34492b3fb8bf8691684636521"
      }
    }
  ],
  "version" : 3
}
