{
  "originHash" : "cb4b48a7e95648ae0dfdda10eeca6e4ff2ac41b284f67597275eb06dc8b58f73",
  "pins" : [
    {
      "identity" : "groceryappshareddto",
      "kind" : "remoteSourceControl",
      "location" : "https://github.com/tyfnnn/GroceryAppSharedDTO.git",
      "state" : {
        "branch" : "main",
        "revision" : "7d071df969b0d32f7db05b2cfd33b51b0af5ba7a"
      }
    }
  ],
  "version" : 3
}
